
Microsoft Visual Studio Solution File, Format Version 12.00
# Visual Studio Version 17
VisualStudioVersion = 17.5.33530.505
MinimumVisualStudioVersion = 10.0.40219.1
Project("{FAE04EC0-301F-11D3-BF4B-00C04F79EFBC}") = "DedaMrazovaRadionca", "DedaMrazovaRadionca\DedaMrazovaRadionca.csproj", "{CDC07744-EB91-4F52-8443-99F5C2E1DAC8}"
EndProject
Global
	GlobalSection(SolutionConfigurationPlatforms) = preSolution
		Debug|Any CPU = Debug|Any CPU
		Release|Any CPU = Release|Any CPU
	EndGlobalSection
	GlobalSection(ProjectConfigurationPlatforms) = postSolution
		{CDC07744-EB91-4F52-8443-99F5C2E1DAC8}.Debug|Any CPU.ActiveCfg = Debug|Any CPU
		{CDC07744-EB91-4F52-8443-99F5C2E1DAC8}.Debug|Any CPU.Build.0 = Debug|Any CPU
		{CDC07744-EB91-4F52-8443-99F5C2E1DAC8}.Release|Any CPU.ActiveCfg = Release|Any CPU
		{CDC07744-EB91-4F52-8443-99F5C2E1DAC8}.Release|Any CPU.Build.0 = Release|Any CPU
	EndGlobalSection
	GlobalSection(SolutionProperties) = preSolution
		HideSolutionNode = FALSE
	EndGlobalSection
	GlobalSection(ExtensibilityGlobals) = postSolution
		SolutionGuid = {C5ABBDA1-8552-4D94-A655-58E7131E8B2E}
	EndGlobalSection
EndGlobal
